
Microsoft Visual Studio Solution File, Format Version 12.00
# Visual Studio Version 17
VisualStudioVersion = 17.1.32407.343
MinimumVisualStudioVersion = 10.0.40219.1
Project("{FAE04EC0-301F-11D3-BF4B-00C04F79EFBC}") = "RabbitMQApp.Sender", "RabbitMQApp.Sender\RabbitMQApp.Sender.csproj", "{467E5388-F4F2-493B-8627-5C254BE83A12}"
EndProject
Global
	GlobalSection(SolutionConfigurationPlatforms) = preSolution
		Debug|Any CPU = Debug|Any CPU
		Release|Any CPU = Release|Any CPU
	EndGlobalSection
	GlobalSection(ProjectConfigurationPlatforms) = postSolution
		{467E5388-F4F2-493B-8627-5C254BE83A12}.Debug|Any CPU.ActiveCfg = Debug|Any CPU
		{467E5388-F4F2-493B-8627-5C254BE83A12}.Debug|Any CPU.Build.0 = Debug|Any CPU
		{467E5388-F4F2-493B-8627-5C254BE83A12}.Release|Any CPU.ActiveCfg = Release|Any CPU
		{467E5388-F4F2-493B-8627-5C254BE83A12}.Release|Any CPU.Build.0 = Release|Any CPU
	EndGlobalSection
	GlobalSection(SolutionProperties) = preSolution
		HideSolutionNode = FALSE
	EndGlobalSection
	GlobalSection(ExtensibilityGlobals) = postSolution
		SolutionGuid = {6811CAB9-16F9-4334-BEA4-7F6C1E5D1DD7}
	EndGlobalSection
EndGlobal
